
Microsoft Visual Studio Solution File, Format Version 12.00
# Visual Studio 15
VisualStudioVersion = 15.0.27130.2027
MinimumVisualStudioVersion = 10.0.40219.1
Project("{FAE04EC0-301F-11D3-BF4B-00C04F79EFBC}") = "DemoXamarinViews.Android", "DemoXamarinViews\DemoXamarinViews.Android\DemoXamarinViews.Android.csproj", "{EE07E250-C88B-4D54-B4DE-59294559ECF7}"
EndProject
Project("{FAE04EC0-301F-11D3-BF4B-00C04F79EFBC}") = "DemoXamarinViews.iOS", "DemoXamarinViews\DemoXamarinViews.iOS\DemoXamarinViews.iOS.csproj", "{EC92C684-46A5-4C26-80AD-5DB35B6B0D36}"
EndProject
Project("{FAE04EC0-301F-11D3-BF4B-00C04F79EFBC}") = "DemoXamarinViews.UWP", "DemoXamarinViews\DemoXamarinViews.UWP\DemoXamarinViews.UWP.csproj", "{2050A7E9-06AA-40CD-A65C-BA5E62E81E09}"
EndProject
Project("{FAE04EC0-301F-11D3-BF4B-00C04F79EFBC}") = "DemoXamarinViews", "DemoXamarinViews\DemoXamarinViews\DemoXamarinViews.csproj", "{9C5305F4-5916-4173-9B3F-68CE2FC4AB9F}"
EndProject
Global
	GlobalSection(SolutionConfigurationPlatforms) = preSolution
		Ad-Hoc|Any CPU = Ad-Hoc|Any CPU
		Ad-Hoc|ARM = Ad-Hoc|ARM
		Ad-Hoc|iPhone = Ad-Hoc|iPhone
		Ad-Hoc|iPhoneSimulator = Ad-Hoc|iPhoneSimulator
		Ad-Hoc|x64 = Ad-Hoc|x64
		Ad-Hoc|x86 = Ad-Hoc|x86
		AppStore|Any CPU = AppStore|Any CPU
		AppStore|ARM = AppStore|ARM
		AppStore|iPhone = AppStore|iPhone
		AppStore|iPhoneSimulator = AppStore|iPhoneSimulator
		AppStore|x64 = AppStore|x64
		AppStore|x86 = AppStore|x86
		Debug|Any CPU = Debug|Any CPU
		Debug|ARM = Debug|ARM
		Debug|iPhone = Debug|iPhone
		Debug|iPhoneSimulator = Debug|iPhoneSimulator
		Debug|x64 = Debug|x64
		Debug|x86 = Debug|x86
		Release|Any CPU = Release|Any CPU
		Release|ARM = Release|ARM
		Release|iPhone = Release|iPhone
		Release|iPhoneSimulator = Release|iPhoneSimulator
		Release|x64 = Release|x64
		Release|x86 = Release|x86
	EndGlobalSection
	GlobalSection(ProjectConfigurationPlatforms) = postSolution
		{EE07E250-C88B-4D54-B4DE-59294559ECF7}.Ad-Hoc|Any CPU.ActiveCfg = Release|Any CPU
		{EE07E250-C88B-4D54-B4DE-59294559ECF7}.Ad-Hoc|Any CPU.Build.0 = Release|Any CPU
		{EE07E250-C88B-4D54-B4DE-59294559ECF7}.Ad-Hoc|Any CPU.Deploy.0 = Release|Any CPU
		{EE07E250-C88B-4D54-B4DE-59294559ECF7}.Ad-Hoc|ARM.ActiveCfg = Release|Any CPU
		{EE07E250-C88B-4D54-B4DE-59294559ECF7}.Ad-Hoc|ARM.Build.0 = Release|Any CPU
		{EE07E250-C88B-4D54-B4DE-59294559ECF7}.Ad-Hoc|ARM.Deploy.0 = Release|Any CPU
		{EE07E250-C88B-4D54-B4DE-59294559ECF7}.Ad-Hoc|iPhone.ActiveCfg = Release|Any CPU
		{EE07E250-C88B-4D54-B4DE-59294559ECF7}.Ad-Hoc|iPhone.Build.0 = Release|Any CPU
		{EE07E250-C88B-4D54-B4DE-59294559ECF7}.Ad-Hoc|iPhone.Deploy.0 = Release|Any CPU
		{EE07E250-C88B-4D54-B4DE-59294559ECF7}.Ad-Hoc|iPhoneSimulator.ActiveCfg = Release|Any CPU
		{EE07E250-C88B-4D54-B4DE-59294559ECF7}.Ad-Hoc|iPhoneSimulator.Build.0 = Release|Any CPU
		{EE07E250-C88B-4D54-B4DE-59294559ECF7}.Ad-Hoc|iPhoneSimulator.Deploy.0 = Release|Any CPU
		{EE07E250-C88B-4D54-B4DE-59294559ECF7}.Ad-Hoc|x64.ActiveCfg = Release|Any CPU
		{EE07E250-C88B-4D54-B4DE-59294559ECF7}.Ad-Hoc|x64.Build.0 = Release|Any CPU
		{EE07E250-C88B-4D54-B4DE-59294559ECF7}.Ad-Hoc|x64.Deploy.0 = Release|Any CPU
		{EE07E250-C88B-4D54-B4DE-59294559ECF7}.Ad-Hoc|x86.ActiveCfg = Release|Any CPU
		{EE07E250-C88B-4D54-B4DE-59294559ECF7}.Ad-Hoc|x86.Build.0 = Release|Any CPU
		{EE07E250-C88B-4D54-B4DE-59294559ECF7}.Ad-Hoc|x86.Deploy.0 = Release|Any CPU
		{EE07E250-C88B-4D54-B4DE-59294559ECF7}.AppStore|Any CPU.ActiveCfg = Release|Any CPU
		{EE07E250-C88B-4D54-B4DE-59294559ECF7}.AppStore|Any CPU.Build.0 = Release|Any CPU
		{EE07E250-C88B-4D54-B4DE-59294559ECF7}.AppStore|Any CPU.Deploy.0 = Release|Any CPU
		{EE07E250-C88B-4D54-B4DE-59294559ECF7}.AppStore|ARM.ActiveCfg = Release|Any CPU
		{EE07E250-C88B-4D54-B4DE-59294559ECF7}.AppStore|ARM.Build.0 = Release|Any CPU
		{EE07E250-C88B-4D54-B4DE-59294559ECF7}.AppStore|ARM.Deploy.0 = Release|Any CPU
		{EE07E250-C88B-4D54-B4DE-59294559ECF7}.AppStore|iPhone.ActiveCfg = Release|Any CPU
		{EE07E250-C88B-4D54-B4DE-59294559ECF7}.AppStore|iPhone.Build.0 = Release|Any CPU
		{EE07E250-C88B-4D54-B4DE-59294559ECF7}.AppStore|iPhone.Deploy.0 = Release|Any CPU
		{EE07E250-C88B-4D54-B4DE-59294559ECF7}.AppStore|iPhoneSimulator.ActiveCfg = Release|Any CPU
		{EE07E250-C88B-4D54-B4DE-59294559ECF7}.AppStore|iPhoneSimulator.Build.0 = Release|Any CPU
		{EE07E250-C88B-4D54-B4DE-59294559ECF7}.AppStore|iPhoneSimulator.Deploy.0 = Release|Any CPU
		{EE07E250-C88B-4D54-B4DE-59294559ECF7}.AppStore|x64.ActiveCfg = Release|Any CPU
		{EE07E250-C88B-4D54-B4DE-59294559ECF7}.AppStore|x64.Build.0 = Release|Any CPU
		{EE07E250-C88B-4D54-B4DE-59294559ECF7}.AppStore|x64.Deploy.0 = Release|Any CPU
		{EE07E250-C88B-4D54-B4DE-59294559ECF7}.AppStore|x86.ActiveCfg = Release|Any CPU
		{EE07E250-C88B-4D54-B4DE-59294559ECF7}.AppStore|x86.Build.0 = Release|Any CPU
		{EE07E250-C88B-4D54-B4DE-59294559ECF7}.AppStore|x86.Deploy.0 = Release|Any CPU
		{EE07E250-C88B-4D54-B4DE-59294559ECF7}.Debug|Any CPU.ActiveCfg = Debug|Any CPU
		{EE07E250-C88B-4D54-B4DE-59294559ECF7}.Debug|Any CPU.Build.0 = Debug|Any CPU
		{EE07E250-C88B-4D54-B4DE-59294559ECF7}.Debug|Any CPU.Deploy.0 = Debug|Any CPU
		{EE07E250-C88B-4D54-B4DE-59294559ECF7}.Debug|ARM.ActiveCfg = Debug|Any CPU
		{EE07E250-C88B-4D54-B4DE-59294559ECF7}.Debug|ARM.Build.0 = Debug|Any CPU
		{EE07E250-C88B-4D54-B4DE-59294559ECF7}.Debug|ARM.Deploy.0 = Debug|Any CPU
		{EE07E250-C88B-4D54-B4DE-59294559ECF7}.Debug|iPhone.ActiveCfg = Debug|Any CPU
		{EE07E250-C88B-4D54-B4DE-59294559ECF7}.Debug|iPhone.Build.0 = Debug|Any CPU
		{EE07E250-C88B-4D54-B4DE-59294559ECF7}.Debug|iPhone.Deploy.0 = Debug|Any CPU
		{EE07E250-C88B-4D54-B4DE-59294559ECF7}.Debug|iPhoneSimulator.ActiveCfg = Debug|Any CPU
		{EE07E250-C88B-4D54-B4DE-59294559ECF7}.Debug|iPhoneSimulator.Build.0 = Debug|Any CPU
		{EE07E250-C88B-4D54-B4DE-59294559ECF7}.Debug|iPhoneSimulator.Deploy.0 = Debug|Any CPU
		{EE07E250-C88B-4D54-B4DE-59294559ECF7}.Debug|x64.ActiveCfg = Debug|Any CPU
		{EE07E250-C88B-4D54-B4DE-59294559ECF7}.Debug|x64.Build.0 = Debug|Any CPU
		{EE07E250-C88B-4D54-B4DE-59294559ECF7}.Debug|x64.Deploy.0 = Debug|Any CPU
		{EE07E250-C88B-4D54-B4DE-59294559ECF7}.Debug|x86.ActiveCfg = Debug|Any CPU
		{EE07E250-C88B-4D54-B4DE-59294559ECF7}.Debug|x86.Build.0 = Debug|Any CPU
		{EE07E250-C88B-4D54-B4DE-59294559ECF7}.Debug|x86.Deploy.0 = Debug|Any CPU
		{EE07E250-C88B-4D54-B4DE-59294559ECF7}.Release|Any CPU.ActiveCfg = Release|Any CPU
		{EE07E250-C88B-4D54-B4DE-59294559ECF7}.Release|Any CPU.Build.0 = Release|Any CPU
		{EE07E250-C88B-4D54-B4DE-59294559ECF7}.Release|Any CPU.Deploy.0 = Release|Any CPU
		{EE07E250-C88B-4D54-B4DE-59294559ECF7}.Release|ARM.ActiveCfg = Release|Any CPU
		{EE07E250-C88B-4D54-B4DE-59294559ECF7}.Release|ARM.Build.0 = Release|Any CPU
		{EE07E250-C88B-4D54-B4DE-59294559ECF7}.Release|ARM.Deploy.0 = Release|Any CPU
		{EE07E250-C88B-4D54-B4DE-59294559ECF7}.Release|iPhone.ActiveCfg = Release|Any CPU
		{EE07E250-C88B-4D54-B4DE-59294559ECF7}.Release|iPhone.Build.0 = Release|Any CPU
		{EE07E250-C88B-4D54-B4DE-59294559ECF7}.Release|iPhone.Deploy.0 = Release|Any CPU
		{EE07E250-C88B-4D54-B4DE-59294559ECF7}.Release|iPhoneSimulator.ActiveCfg = Release|Any CPU
		{EE07E250-C88B-4D54-B4DE-59294559ECF7}.Release|iPhoneSimulator.Build.0 = Release|Any CPU
		{EE07E250-C88B-4D54-B4DE-59294559ECF7}.Release|iPhoneSimulator.Deploy.0 = Release|Any CPU
		{EE07E250-C88B-4D54-B4DE-59294559ECF7}.Release|x64.ActiveCfg = Release|Any CPU
		{EE07E250-C88B-4D54-B4DE-59294559ECF7}.Release|x64.Build.0 = Release|Any CPU
		{EE07E250-C88B-4D54-B4DE-59294559ECF7}.Release|x64.Deploy.0 = Release|Any CPU
		{EE07E250-C88B-4D54-B4DE-59294559ECF7}.Release|x86.ActiveCfg = Release|Any CPU
		{EE07E250-C88B-4D54-B4DE-59294559ECF7}.Release|x86.Build.0 = Release|Any CPU
		{EE07E250-C88B-4D54-B4DE-59294559ECF7}.Release|x86.Deploy.0 = Release|Any CPU
		{EC92C684-46A5-4C26-80AD-5DB35B6B0D36}.Ad-Hoc|Any CPU.ActiveCfg = Ad-Hoc|iPhone
		{EC92C684-46A5-4C26-80AD-5DB35B6B0D36}.Ad-Hoc|ARM.ActiveCfg = Ad-Hoc|iPhone
		{EC92C684-46A5-4C26-80AD-5DB35B6B0D36}.Ad-Hoc|iPhone.ActiveCfg = Ad-Hoc|iPhone
		{EC92C684-46A5-4C26-80AD-5DB35B6B0D36}.Ad-Hoc|iPhone.Build.0 = Ad-Hoc|iPhone
		{EC92C684-46A5-4C26-80AD-5DB35B6B0D36}.Ad-Hoc|iPhoneSimulator.ActiveCfg = Ad-Hoc|iPhoneSimulator
		{EC92C684-46A5-4C26-80AD-5DB35B6B0D36}.Ad-Hoc|iPhoneSimulator.Build.0 = Ad-Hoc|iPhoneSimulator
		{EC92C684-46A5-4C26-80AD-5DB35B6B0D36}.Ad-Hoc|x64.ActiveCfg = Ad-Hoc|iPhone
		{EC92C684-46A5-4C26-80AD-5DB35B6B0D36}.Ad-Hoc|x86.ActiveCfg = Ad-Hoc|iPhone
		{EC92C684-46A5-4C26-80AD-5DB35B6B0D36}.AppStore|Any CPU.ActiveCfg = AppStore|iPhone
		{EC92C684-46A5-4C26-80AD-5DB35B6B0D36}.AppStore|ARM.ActiveCfg = AppStore|iPhone
		{EC92C684-46A5-4C26-80AD-5DB35B6B0D36}.AppStore|iPhone.ActiveCfg = AppStore|iPhone
		{EC92C684-46A5-4C26-80AD-5DB35B6B0D36}.AppStore|iPhone.Build.0 = AppStore|iPhone
		{EC92C684-46A5-4C26-80AD-5DB35B6B0D36}.AppStore|iPhoneSimulator.ActiveCfg = AppStore|iPhoneSimulator
		{EC92C684-46A5-4C26-80AD-5DB35B6B0D36}.AppStore|iPhoneSimulator.Build.0 = AppStore|iPhoneSimulator
		{EC92C684-46A5-4C26-80AD-5DB35B6B0D36}.AppStore|x64.ActiveCfg = AppStore|iPhone
		{EC92C684-46A5-4C26-80AD-5DB35B6B0D36}.AppStore|x86.ActiveCfg = AppStore|iPhone
		{EC92C684-46A5-4C26-80AD-5DB35B6B0D36}.Debug|Any CPU.ActiveCfg = Debug|iPhone
		{EC92C684-46A5-4C26-80AD-5DB35B6B0D36}.Debug|ARM.ActiveCfg = Debug|iPhone
		{EC92C684-46A5-4C26-80AD-5DB35B6B0D36}.Debug|iPhone.ActiveCfg = Debug|iPhone
		{EC92C684-46A5-4C26-80AD-5DB35B6B0D36}.Debug|iPhone.Build.0 = Debug|iPhone
		{EC92C684-46A5-4C26-80AD-5DB35B6B0D36}.Debug|iPhoneSimulator.ActiveCfg = Debug|iPhoneSimulator
		{EC92C684-46A5-4C26-80AD-5DB35B6B0D36}.Debug|iPhoneSimulator.Build.0 = Debug|iPhoneSimulator
		{EC92C684-46A5-4C26-80AD-5DB35B6B0D36}.Debug|x64.ActiveCfg = Debug|iPhone
		{EC92C684-46A5-4C26-80AD-5DB35B6B0D36}.Debug|x86.ActiveCfg = Debug|iPhone
		{EC92C684-46A5-4C26-80AD-5DB35B6B0D36}.Release|Any CPU.ActiveCfg = Release|iPhone
		{EC92C684-46A5-4C26-80AD-5DB35B6B0D36}.Release|ARM.ActiveCfg = Release|iPhone
		{EC92C684-46A5-4C26-80AD-5DB35B6B0D36}.Release|iPhone.ActiveCfg = Release|iPhone
		{EC92C684-46A5-4C26-80AD-5DB35B6B0D36}.Release|iPhone.Build.0 = Release|iPhone
		{EC92C684-46A5-4C26-80AD-5DB35B6B0D36}.Release|iPhoneSimulator.ActiveCfg = Release|iPhoneSimulator
		{EC92C684-46A5-4C26-80AD-5DB35B6B0D36}.Release|iPhoneSimulator.Build.0 = Release|iPhoneSimulator
		{EC92C684-46A5-4C26-80AD-5DB35B6B0D36}.Release|x64.ActiveCfg = Release|iPhone
		{EC92C684-46A5-4C26-80AD-5DB35B6B0D36}.Release|x86.ActiveCfg = Release|iPhone
		{2050A7E9-06AA-40CD-A65C-BA5E62E81E09}.Ad-Hoc|Any CPU.ActiveCfg = Release|x86
		{2050A7E9-06AA-40CD-A65C-BA5E62E81E09}.Ad-Hoc|Any CPU.Build.0 = Release|x86
		{2050A7E9-06AA-40CD-A65C-BA5E62E81E09}.Ad-Hoc|Any CPU.Deploy.0 = Release|x86
		{2050A7E9-06AA-40CD-A65C-BA5E62E81E09}.Ad-Hoc|ARM.ActiveCfg = Release|ARM
		{2050A7E9-06AA-40CD-A65C-BA5E62E81E09}.Ad-Hoc|ARM.Build.0 = Release|ARM
		{2050A7E9-06AA-40CD-A65C-BA5E62E81E09}.Ad-Hoc|ARM.Deploy.0 = Release|ARM
		{2050A7E9-06AA-40CD-A65C-BA5E62E81E09}.Ad-Hoc|iPhone.ActiveCfg = Release|x86
		{2050A7E9-06AA-40CD-A65C-BA5E62E81E09}.Ad-Hoc|iPhone.Build.0 = Release|x86
		{2050A7E9-06AA-40CD-A65C-BA5E62E81E09}.Ad-Hoc|iPhone.Deploy.0 = Release|x86
		{2050A7E9-06AA-40CD-A65C-BA5E62E81E09}.Ad-Hoc|iPhoneSimulator.ActiveCfg = Release|x86
		{2050A7E9-06AA-40CD-A65C-BA5E62E81E09}.Ad-Hoc|iPhoneSimulator.Build.0 = Release|x86
		{2050A7E9-06AA-40CD-A65C-BA5E62E81E09}.Ad-Hoc|iPhoneSimulator.Deploy.0 = Release|x86
		{2050A7E9-06AA-40CD-A65C-BA5E62E81E09}.Ad-Hoc|x64.ActiveCfg = Release|x64
		{2050A7E9-06AA-40CD-A65C-BA5E62E81E09}.Ad-Hoc|x64.Build.0 = Release|x64
		{2050A7E9-06AA-40CD-A65C-BA5E62E81E09}.Ad-Hoc|x64.Deploy.0 = Release|x64
		{2050A7E9-06AA-40CD-A65C-BA5E62E81E09}.Ad-Hoc|x86.ActiveCfg = Release|x86
		{2050A7E9-06AA-40CD-A65C-BA5E62E81E09}.Ad-Hoc|x86.Build.0 = Release|x86
		{2050A7E9-06AA-40CD-A65C-BA5E62E81E09}.Ad-Hoc|x86.Deploy.0 = Release|x86
		{2050A7E9-06AA-40CD-A65C-BA5E62E81E09}.AppStore|Any CPU.ActiveCfg = Release|x86
		{2050A7E9-06AA-40CD-A65C-BA5E62E81E09}.AppStore|Any CPU.Build.0 = Release|x86
		{2050A7E9-06AA-40CD-A65C-BA5E62E81E09}.AppStore|Any CPU.Deploy.0 = Release|x86
		{2050A7E9-06AA-40CD-A65C-BA5E62E81E09}.AppStore|ARM.ActiveCfg = Release|ARM
		{2050A7E9-06AA-40CD-A65C-BA5E62E81E09}.AppStore|ARM.Build.0 = Release|ARM
		{2050A7E9-06AA-40CD-A65C-BA5E62E81E09}.AppStore|ARM.Deploy.0 = Release|ARM
		{2050A7E9-06AA-40CD-A65C-BA5E62E81E09}.AppStore|iPhone.ActiveCfg = Release|x86
		{2050A7E9-06AA-40CD-A65C-BA5E62E81E09}.AppStore|iPhone.Build.0 = Release|x86
		{2050A7E9-06AA-40CD-A65C-BA5E62E81E09}.AppStore|iPhone.Deploy.0 = Release|x86
		{2050A7E9-06AA-40CD-A65C-BA5E62E81E09}.AppStore|iPhoneSimulator.ActiveCfg = Release|x86
		{2050A7E9-06AA-40CD-A65C-BA5E62E81E09}.AppStore|iPhoneSimulator.Build.0 = Release|x86
		{2050A7E9-06AA-40CD-A65C-BA5E62E81E09}.AppStore|iPhoneSimulator.Deploy.0 = Release|x86
		{2050A7E9-06AA-40CD-A65C-BA5E62E81E09}.AppStore|x64.ActiveCfg = Release|x64
		{2050A7E9-06AA-40CD-A65C-BA5E62E81E09}.AppStore|x64.Build.0 = Release|x64
		{2050A7E9-06AA-40CD-A65C-BA5E62E81E09}.AppStore|x64.Deploy.0 = Release|x64
		{2050A7E9-06AA-40CD-A65C-BA5E62E81E09}.AppStore|x86.ActiveCfg = Release|x86
		{2050A7E9-06AA-40CD-A65C-BA5E62E81E09}.AppStore|x86.Build.0 = Release|x86
		{2050A7E9-06AA-40CD-A65C-BA5E62E81E09}.AppStore|x86.Deploy.0 = Release|x86
		{2050A7E9-06AA-40CD-A65C-BA5E62E81E09}.Debug|Any CPU.ActiveCfg = Debug|x86
		{2050A7E9-06AA-40CD-A65C-BA5E62E81E09}.Debug|ARM.ActiveCfg = Debug|ARM
		{2050A7E9-06AA-40CD-A65C-BA5E62E81E09}.Debug|ARM.Build.0 = Debug|ARM
		{2050A7E9-06AA-40CD-A65C-BA5E62E81E09}.Debug|ARM.Deploy.0 = Debug|ARM
		{2050A7E9-06AA-40CD-A65C-BA5E62E81E09}.Debug|iPhone.ActiveCfg = Debug|x86
		{2050A7E9-06AA-40CD-A65C-BA5E62E81E09}.Debug|iPhoneSimulator.ActiveCfg = Debug|x86
		{2050A7E9-06AA-40CD-A65C-BA5E62E81E09}.Debug|x64.ActiveCfg = Debug|x64
		{2050A7E9-06AA-40CD-A65C-BA5E62E81E09}.Debug|x64.Build.0 = Debug|x64
		{2050A7E9-06AA-40CD-A65C-BA5E62E81E09}.Debug|x64.Deploy.0 = Debug|x64
		{2050A7E9-06AA-40CD-A65C-BA5E62E81E09}.Debug|x86.ActiveCfg = Debug|x86
		{2050A7E9-06AA-40CD-A65C-BA5E62E81E09}.Debug|x86.Build.0 = Debug|x86
		{2050A7E9-06AA-40CD-A65C-BA5E62E81E09}.Debug|x86.Deploy.0 = Debug|x86
		{2050A7E9-06AA-40CD-A65C-BA5E62E81E09}.Release|Any CPU.ActiveCfg = Release|x86
		{2050A7E9-06AA-40CD-A65C-BA5E62E81E09}.Release|ARM.ActiveCfg = Release|ARM
		{2050A7E9-06AA-40CD-A65C-BA5E62E81E09}.Release|ARM.Build.0 = Release|ARM
		{2050A7E9-06AA-40CD-A65C-BA5E62E81E09}.Release|ARM.Deploy.0 = Release|ARM
		{2050A7E9-06AA-40CD-A65C-BA5E62E81E09}.Release|iPhone.ActiveCfg = Release|x86
		{2050A7E9-06AA-40CD-A65C-BA5E62E81E09}.Release|iPhoneSimulator.ActiveCfg = Release|x86
		{2050A7E9-06AA-40CD-A65C-BA5E62E81E09}.Release|x64.ActiveCfg = Release|x64
		{2050A7E9-06AA-40CD-A65C-BA5E62E81E09}.Release|x64.Build.0 = Release|x64
		{2050A7E9-06AA-40CD-A65C-BA5E62E81E09}.Release|x64.Deploy.0 = Release|x64
		{2050A7E9-06AA-40CD-A65C-BA5E62E81E09}.Release|x86.ActiveCfg = Release|x86
		{2050A7E9-06AA-40CD-A65C-BA5E62E81E09}.Release|x86.Build.0 = Release|x86
		{2050A7E9-06AA-40CD-A65C-BA5E62E81E09}.Release|x86.Deploy.0 = Release|x86
		{9C5305F4-5916-4173-9B3F-68CE2FC4AB9F}.Ad-Hoc|Any CPU.ActiveCfg = Debug|Any CPU
		{9C5305F4-5916-4173-9B3F-68CE2FC4AB9F}.Ad-Hoc|Any CPU.Build.0 = Debug|Any CPU
		{9C5305F4-5916-4173-9B3F-68CE2FC4AB9F}.Ad-Hoc|ARM.ActiveCfg = Debug|Any CPU
		{9C5305F4-5916-4173-9B3F-68CE2FC4AB9F}.Ad-Hoc|ARM.Build.0 = Debug|Any CPU
		{9C5305F4-5916-4173-9B3F-68CE2FC4AB9F}.Ad-Hoc|iPhone.ActiveCfg = Debug|Any CPU
		{9C5305F4-5916-4173-9B3F-68CE2FC4AB9F}.Ad-Hoc|iPhone.Build.0 = Debug|Any CPU
		{9C5305F4-5916-4173-9B3F-68CE2FC4AB9F}.Ad-Hoc|iPhoneSimulator.ActiveCfg = Debug|Any CPU
		{9C5305F4-5916-4173-9B3F-68CE2FC4AB9F}.Ad-Hoc|iPhoneSimulator.Build.0 = Debug|Any CPU
		{9C5305F4-5916-4173-9B3F-68CE2FC4AB9F}.Ad-Hoc|x64.ActiveCfg = Debug|Any CPU
		{9C5305F4-5916-4173-9B3F-68CE2FC4AB9F}.Ad-Hoc|x64.Build.0 = Debug|Any CPU
		{9C5305F4-5916-4173-9B3F-68CE2FC4AB9F}.Ad-Hoc|x86.ActiveCfg = Debug|Any CPU
		{9C5305F4-5916-4173-9B3F-68CE2FC4AB9F}.Ad-Hoc|x86.Build.0 = Debug|Any CPU
		{9C5305F4-5916-4173-9B3F-68CE2FC4AB9F}.AppStore|Any CPU.ActiveCfg = Debug|Any CPU
		{9C5305F4-5916-4173-9B3F-68CE2FC4AB9F}.AppStore|Any CPU.Build.0 = Debug|Any CPU
		{9C5305F4-5916-4173-9B3F-68CE2FC4AB9F}.AppStore|ARM.ActiveCfg = Debug|Any CPU
		{9C5305F4-5916-4173-9B3F-68CE2FC4AB9F}.AppStore|ARM.Build.0 = Debug|Any CPU
		{9C5305F4-5916-4173-9B3F-68CE2FC4AB9F}.AppStore|iPhone.ActiveCfg = Debug|Any CPU
		{9C5305F4-5916-4173-9B3F-68CE2FC4AB9F}.AppStore|iPhone.Build.0 = Debug|Any CPU
		{9C5305F4-5916-4173-9B3F-68CE2FC4AB9F}.AppStore|iPhoneSimulator.ActiveCfg = Debug|Any CPU
		{9C5305F4-5916-4173-9B3F-68CE2FC4AB9F}.AppStore|iPhoneSimulator.Build.0 = Debug|Any CPU
		{9C5305F4-5916-4173-9B3F-68CE2FC4AB9F}.AppStore|x64.ActiveCfg = Debug|Any CPU
		{9C5305F4-5916-4173-9B3F-68CE2FC4AB9F}.AppStore|x64.Build.0 = Debug|Any CPU
		{9C5305F4-5916-4173-9B3F-68CE2FC4AB9F}.AppStore|x86.ActiveCfg = Debug|Any CPU
		{9C5305F4-5916-4173-9B3F-68CE2FC4AB9F}.AppStore|x86.Build.0 = Debug|Any CPU
		{9C5305F4-5916-4173-9B3F-68CE2FC4AB9F}.Debug|Any CPU.ActiveCfg = Debug|Any CPU
		{9C5305F4-5916-4173-9B3F-68CE2FC4AB9F}.Debug|Any CPU.Build.0 = Debug|Any CPU
		{9C5305F4-5916-4173-9B3F-68CE2FC4AB9F}.Debug|ARM.ActiveCfg = Debug|Any CPU
		{9C5305F4-5916-4173-9B3F-68CE2FC4AB9F}.Debug|ARM.Build.0 = Debug|Any CPU
		{9C5305F4-5916-4173-9B3F-68CE2FC4AB9F}.Debug|iPhone.ActiveCfg = Debug|Any CPU
		{9C5305F4-5916-4173-9B3F-68CE2FC4AB9F}.Debug|iPhone.Build.0 = Debug|Any CPU
		{9C5305F4-5916-4173-9B3F-68CE2FC4AB9F}.Debug|iPhoneSimulator.ActiveCfg = Debug|Any CPU
		{9C5305F4-5916-4173-9B3F-68CE2FC4AB9F}.Debug|iPhoneSimulator.Build.0 = Debug|Any CPU
		{9C5305F4-5916-4173-9B3F-68CE2FC4AB9F}.Debug|x64.ActiveCfg = Debug|Any CPU
		{9C5305F4-5916-4173-9B3F-68CE2FC4AB9F}.Debug|x64.Build.0 = Debug|Any CPU
		{9C5305F4-5916-4173-9B3F-68CE2FC4AB9F}.Debug|x86.ActiveCfg = Debug|Any CPU
		{9C5305F4-5916-4173-9B3F-68CE2FC4AB9F}.Debug|x86.Build.0 = Debug|Any CPU
		{9C5305F4-5916-4173-9B3F-68CE2FC4AB9F}.Release|Any CPU.ActiveCfg = Release|Any CPU
		{9C5305F4-5916-4173-9B3F-68CE2FC4AB9F}.Release|Any CPU.Build.0 = Release|Any CPU
		{9C5305F4-5916-4173-9B3F-68CE2FC4AB9F}.Release|ARM.ActiveCfg = Release|Any CPU
		{9C5305F4-5916-4173-9B3F-68CE2FC4AB9F}.Release|ARM.Build.0 = Release|Any CPU
		{9C5305F4-5916-4173-9B3F-68CE2FC4AB9F}.Release|iPhone.ActiveCfg = Release|Any CPU
		{9C5305F4-5916-4173-9B3F-68CE2FC4AB9F}.Release|iPhone.Build.0 = Release|Any CPU
		{9C5305F4-5916-4173-9B3F-68CE2FC4AB9F}.Release|iPhoneSimulator.ActiveCfg = Release|Any CPU
		{9C5305F4-5916-4173-9B3F-68CE2FC4AB9F}.Release|iPhoneSimulator.Build.0 = Release|Any CPU
		{9C5305F4-5916-4173-9B3F-68CE2FC4AB9F}.Release|x64.ActiveCfg = Release|Any CPU
		{9C5305F4-5916-4173-9B3F-68CE2FC4AB9F}.Release|x64.Build.0 = Release|Any CPU
		{9C5305F4-5916-4173-9B3F-68CE2FC4AB9F}.Release|x86.ActiveCfg = Release|Any CPU
		{9C5305F4-5916-4173-9B3F-68CE2FC4AB9F}.Release|x86.Build.0 = Release|Any CPU
	EndGlobalSection
	GlobalSection(SolutionProperties) = preSolution
		HideSolutionNode = FALSE
	EndGlobalSection
	GlobalSection(ExtensibilityGlobals) = postSolution
		SolutionGuid = {D4246B6D-0A09-47FC-8C3B-8990E578C501}
	EndGlobalSection
EndGlobal
